
Microsoft Visual Studio Solution File, Format Version 12.00
# Visual Studio Version 17
VisualStudioVersion = 17.0.32112.339
MinimumVisualStudioVersion = 10.0.40219.1
Project("{2150E333-8FDC-42A3-9474-1A3956D46DE8}") = "Solution Items", "Solution Items", "{5161FD3F-5E58-4C46-9EC5-DC275266583A}"
	ProjectSection(SolutionItems) = preProject
		.editorconfig = .editorconfig
		exesign.custom.targets = exesign.custom.targets
		nuget.config = nuget.config
	EndProjectSection
EndProject
Project("{9A19103F-16F7-4668-BE54-9A1E7A4F7556}") = "eryph-zero", "src\apps\src\eryph-zero\eryph-zero.csproj", "{4E376AF9-0BA5-42AE-BCD9-F8B0E2CC131F}"
EndProject
Project("{9A19103F-16F7-4668-BE54-9A1E7A4F7556}") = "Eryph.Modules.Controller", "src\modules\src\Eryph.Modules.Controller\Eryph.Modules.Controller.csproj", "{D407363B-27CE-4180-BB8A-986A619941CD}"
EndProject
Project("{9A19103F-16F7-4668-BE54-9A1E7A4F7556}") = "Eryph.VmManagement", "src\core\src\Eryph.VmManagement\Eryph.VmManagement.csproj", "{B55118C0-8D29-4079-A291-62383B857EEA}"
EndProject
Project("{9A19103F-16F7-4668-BE54-9A1E7A4F7556}") = "Eryph.Modules.VmHostAgent", "src\modules\src\Eryph.Modules.VmHostAgent\Eryph.Modules.VmHostAgent.csproj", "{BF85BEDF-DC3C-46E9-A388-8C0314E9E186}"
EndProject
Project("{9A19103F-16F7-4668-BE54-9A1E7A4F7556}") = "Eryph.StateDb.MySql", "src\Infrastructure\src\Eryph.StateDb.MySql\Eryph.StateDb.MySql.csproj", "{ABBA71A2-8149-4F2D-A097-EAD2AE59D822}"
EndProject
Project("{9A19103F-16F7-4668-BE54-9A1E7A4F7556}") = "Eryph.Agent", "src\apps\src\Eryph.Agent\Eryph.Agent.csproj", "{A976200C-AE38-49FA-8437-0A067EBB66DB}"
EndProject
Project("{9A19103F-16F7-4668-BE54-9A1E7A4F7556}") = "Eryph.ApiEndpoint", "src\apps\src\Eryph.ApiEndpoint\Eryph.ApiEndpoint.csproj", "{4396620F-1CE7-4836-99EC-ECE5250E14E6}"
EndProject
Project("{9A19103F-16F7-4668-BE54-9A1E7A4F7556}") = "Eryph.Controller", "src\apps\src\Eryph.Controller\Eryph.Controller.csproj", "{9211A83F-7ECA-4C06-BF19-ABA4235C206A}"
EndProject
Project("{9A19103F-16F7-4668-BE54-9A1E7A4F7556}") = "Eryph.Messages", "src\core\src\Eryph.Messages\Eryph.Messages.csproj", "{480881D1-8B5E-43AB-9C0B-8C556DDA9B6D}"
EndProject
Project("{9A19103F-16F7-4668-BE54-9A1E7A4F7556}") = "Eryph.Rebus", "src\infrastructure\src\Eryph.Rebus\Eryph.Rebus.csproj", "{81EA1BD0-14A9-4C25-B232-6AD983FC86F7}"
EndProject
Project("{9A19103F-16F7-4668-BE54-9A1E7A4F7556}") = "Eryph.StateDb", "src\data\src\Eryph.StateDb\Eryph.StateDb.csproj", "{CC838016-EDE2-43F4-A319-30D25345C846}"
EndProject
Project("{9A19103F-16F7-4668-BE54-9A1E7A4F7556}") = "Eryph.Primitives", "src\core\src\Eryph.VmConfig.Primitives\Eryph.Primitives.csproj", "{C63C8CAE-FED1-48FF-AFD8-B075D3CDEA51}"
EndProject
Project("{2150E333-8FDC-42A3-9474-1A3956D46DE8}") = "test", "test", "{0ED3EA31-8EFC-4694-8E5A-FEA20FE9D2C2}"
EndProject
Project("{9A19103F-16F7-4668-BE54-9A1E7A4F7556}") = "Eryph.Modules.AspNetCore", "src\modules\src\Eryph.Modules.AspNetCore\Eryph.Modules.AspNetCore.csproj", "{61D83696-7E5B-4DB7-B872-6E6BA63ADB7A}"
EndProject
Project("{9A19103F-16F7-4668-BE54-9A1E7A4F7556}") = "Eryph.Identity", "src\apps\src\Eryph.Identity\Eryph.Identity.csproj", "{0CA50C75-42C7-48E6-B6D7-CBA2CA5E96FE}"
EndProject
Project("{9A19103F-16F7-4668-BE54-9A1E7A4F7556}") = "Eryph.Security.Cryptography", "src\core\src\Eryph.Security.Cryptography\Eryph.Security.Cryptography.csproj", "{4908D4F4-3545-4FF1-B37F-E3E237B05C54}"
EndProject
Project("{9A19103F-16F7-4668-BE54-9A1E7A4F7556}") = "Eryph.Modules.Identity.Test", "src\modules\test\Eryph.Modules.Identity.Test\Eryph.Modules.Identity.Test.csproj", "{C6B327A2-F638-4DE1-8937-B037D9049217}"
EndProject
Project("{9A19103F-16F7-4668-BE54-9A1E7A4F7556}") = "Eryph.TestUtils.AspNetCore", "src\modules\test\Eryph.TestUtils.AspNetCore\Eryph.TestUtils.AspNetCore.csproj", "{FDE35F47-AF4A-482C-8A4F-3EC0DD6F16AC}"
EndProject
Project("{9A19103F-16F7-4668-BE54-9A1E7A4F7556}") = "Eryph.Modules.Identity", "src\modules\src\Eryph.Modules.Identity\Eryph.Modules.Identity.csproj", "{6B56359B-B15A-4888-997D-AB8A953F0A29}"
EndProject
Project("{9A19103F-16F7-4668-BE54-9A1E7A4F7556}") = "Eryph.IdentityDb", "src\data\src\Eryph.IdentityDb\Eryph.IdentityDb.csproj", "{A64F9618-DEB4-4BE0-9310-39E4A57FFA2E}"
EndProject
Project("{9A19103F-16F7-4668-BE54-9A1E7A4F7556}") = "Eryph.AppCore", "src\apps\src\Eryph.AppCore\Eryph.AppCore.csproj", "{C1D77E9E-1827-424E-AB8E-A5A43E415C3F}"
EndProject
Project("{9A19103F-16F7-4668-BE54-9A1E7A4F7556}") = "Eryph.Configuration", "src\core\src\Eryph.Configuration\Eryph.Configuration.csproj", "{9B749857-F075-4389-AFF0-4D73C2F54ABA}"
EndProject
Project("{9A19103F-16F7-4668-BE54-9A1E7A4F7556}") = "Eryph.Modules.ComputeApi", "src\modules\src\Eryph.Modules.ComputeApi\Eryph.Modules.ComputeApi.csproj", "{2E8FD3D3-C3F4-4818-AF10-E11D7A131FD2}"
EndProject
Project("{2150E333-8FDC-42A3-9474-1A3956D46DE8}") = "Apps", "Apps", "{5F41CD29-E6EF-4810-8A84-8B9E52AEAE70}"
EndProject
Project("{2150E333-8FDC-42A3-9474-1A3956D46DE8}") = "Core", "Core", "{07B818A5-B186-4D09-A766-9E4963F3C07E}"
EndProject
Project("{2150E333-8FDC-42A3-9474-1A3956D46DE8}") = "Infrastructure", "Infrastructure", "{B4BB9FCD-93C2-4C97-B6BA-42C40108097E}"
EndProject
Project("{2150E333-8FDC-42A3-9474-1A3956D46DE8}") = "Modules", "Modules", "{E889B549-C333-46DC-B71F-9608CBA1FBAA}"
EndProject
Project("{2150E333-8FDC-42A3-9474-1A3956D46DE8}") = "Data", "Data", "{7F64364D-A6A2-441C-9F30-3702BF35A02F}"
EndProject
Project("{9A19103F-16F7-4668-BE54-9A1E7A4F7556}") = "Eryph.Data", "src\data\src\Eryph.Data\Eryph.Data.csproj", "{27279203-AD89-4FD0-B44C-21F7678CB076}"
EndProject
Project("{9A19103F-16F7-4668-BE54-9A1E7A4F7556}") = "Eryph.Core", "src\core\src\Eryph.Core\Eryph.Core.csproj", "{1BC81BC6-C5D8-4F07-90DE-CABCA9BBC2DA}"
EndProject
Project("{9A19103F-16F7-4668-BE54-9A1E7A4F7556}") = "Eryph.ModuleCore", "src\modules\src\Eryph.ModuleCore\Eryph.ModuleCore.csproj", "{A90AF0DD-866A-4D16-938D-9E66649BB8D6}"
EndProject
Project("{9A19103F-16F7-4668-BE54-9A1E7A4F7556}") = "Eryph.Security.Cryptography.Test", "src\core\test\Eryph.Security.Cryptography.Test\Eryph.Security.Cryptography.Test.csproj", "{A651AFFB-D433-4F4F-A7F7-539533BFBAD2}"
EndProject
Project("{9A19103F-16F7-4668-BE54-9A1E7A4F7556}") = "Eryph.Modules.NetworkModule", "src\modules\src\Eryph.Modules.NetworkModule\Eryph.Modules.NetworkModule.csproj", "{8BECD5A8-104E-47DC-8C94-DC50A6C5BAAA}"
EndProject
Project("{9A19103F-16F7-4668-BE54-9A1E7A4F7556}") = "Eryph.Modules.VmHostAgent.Test", "src\modules\test\Eryph.Modules.VmHostAgent.Test\Eryph.Modules.VmHostAgent.Test.csproj", "{4CF54668-F3F0-403E-BA26-EC9F15D325BD}"
EndProject
Project("{9A19103F-16F7-4668-BE54-9A1E7A4F7556}") = "Eryph.Modules.ComputeApi.Tests", "src\modules\test\Eryph.Modules.ComputeApi.Tests\Eryph.Modules.ComputeApi.Tests.csproj", "{036EC2BD-8968-46D4-9FFD-901F3BB1FA70}"
EndProject
Project("{9A19103F-16F7-4668-BE54-9A1E7A4F7556}") = "Eryph.VmManagement.Test", "src\core\test\Eryph.VmManagement.Test\Eryph.VmManagement.Test.csproj", "{7ED587D0-DB83-4427-9A47-FC51FD8EF596}"
EndProject
Project("{9A19103F-16F7-4668-BE54-9A1E7A4F7556}") = "eryph-uninstaller", "src\apps\src\eryph-uninstaller\eryph-uninstaller.csproj", "{FEE56106-DD2D-4E79-9D5E-9D78F3618AA6}"
EndProject
Project("{9A19103F-16F7-4668-BE54-9A1E7A4F7556}") = "Eryph.Core.Tests", "src\core\test\Eryph.Core.Tests\Eryph.Core.Tests.csproj", "{A22374A0-673A-466B-9231-5859EEB65E33}"
EndProject
Project("{9A19103F-16F7-4668-BE54-9A1E7A4F7556}") = "Eryph.Modules.Controller.Tests", "src\modules\test\Eryph.Modules.Controller.Tests\Eryph.Modules.Controller.Tests.csproj", "{AA15BA3C-F5A2-4DC5-8DA3-A386A9C2774F}"
EndProject
Project("{9A19103F-16F7-4668-BE54-9A1E7A4F7556}") = "Eryph.StateDb.TestBase", "src\data\test\Eryph.StateDb.TestBase\Eryph.StateDb.TestBase.csproj", "{19AC241D-1F6F-4864-B799-3262C074274B}"
EndProject
Global
	GlobalSection(SolutionConfigurationPlatforms) = preSolution
		Debug|Any CPU = Debug|Any CPU
		Release|Any CPU = Release|Any CPU
	EndGlobalSection
	GlobalSection(ProjectConfigurationPlatforms) = postSolution
		{4E376AF9-0BA5-42AE-BCD9-F8B0E2CC131F}.Debug|Any CPU.ActiveCfg = Debug|Any CPU
		{4E376AF9-0BA5-42AE-BCD9-F8B0E2CC131F}.Debug|Any CPU.Build.0 = Debug|Any CPU
		{4E376AF9-0BA5-42AE-BCD9-F8B0E2CC131F}.Release|Any CPU.ActiveCfg = Release|Any CPU
		{4E376AF9-0BA5-42AE-BCD9-F8B0E2CC131F}.Release|Any CPU.Build.0 = Release|Any CPU
		{D407363B-27CE-4180-BB8A-986A619941CD}.Debug|Any CPU.ActiveCfg = Debug|Any CPU
		{D407363B-27CE-4180-BB8A-986A619941CD}.Debug|Any CPU.Build.0 = Debug|Any CPU
		{D407363B-27CE-4180-BB8A-986A619941CD}.Release|Any CPU.ActiveCfg = Release|Any CPU
		{D407363B-27CE-4180-BB8A-986A619941CD}.Release|Any CPU.Build.0 = Release|Any CPU
		{B55118C0-8D29-4079-A291-62383B857EEA}.Debug|Any CPU.ActiveCfg = Debug|Any CPU
		{B55118C0-8D29-4079-A291-62383B857EEA}.Debug|Any CPU.Build.0 = Debug|Any CPU
		{B55118C0-8D29-4079-A291-62383B857EEA}.Release|Any CPU.ActiveCfg = Release|Any CPU
		{B55118C0-8D29-4079-A291-62383B857EEA}.Release|Any CPU.Build.0 = Release|Any CPU
		{BF85BEDF-DC3C-46E9-A388-8C0314E9E186}.Debug|Any CPU.ActiveCfg = Debug|Any CPU
		{BF85BEDF-DC3C-46E9-A388-8C0314E9E186}.Debug|Any CPU.Build.0 = Debug|Any CPU
		{BF85BEDF-DC3C-46E9-A388-8C0314E9E186}.Release|Any CPU.ActiveCfg = Release|Any CPU
		{BF85BEDF-DC3C-46E9-A388-8C0314E9E186}.Release|Any CPU.Build.0 = Release|Any CPU
		{ABBA71A2-8149-4F2D-A097-EAD2AE59D822}.Debug|Any CPU.ActiveCfg = Debug|Any CPU
		{ABBA71A2-8149-4F2D-A097-EAD2AE59D822}.Debug|Any CPU.Build.0 = Debug|Any CPU
		{ABBA71A2-8149-4F2D-A097-EAD2AE59D822}.Release|Any CPU.ActiveCfg = Release|Any CPU
		{ABBA71A2-8149-4F2D-A097-EAD2AE59D822}.Release|Any CPU.Build.0 = Release|Any CPU
		{A976200C-AE38-49FA-8437-0A067EBB66DB}.Debug|Any CPU.ActiveCfg = Debug|Any CPU
		{A976200C-AE38-49FA-8437-0A067EBB66DB}.Debug|Any CPU.Build.0 = Debug|Any CPU
		{A976200C-AE38-49FA-8437-0A067EBB66DB}.Release|Any CPU.ActiveCfg = Release|Any CPU
		{A976200C-AE38-49FA-8437-0A067EBB66DB}.Release|Any CPU.Build.0 = Release|Any CPU
		{4396620F-1CE7-4836-99EC-ECE5250E14E6}.Debug|Any CPU.ActiveCfg = Debug|Any CPU
		{4396620F-1CE7-4836-99EC-ECE5250E14E6}.Debug|Any CPU.Build.0 = Debug|Any CPU
		{4396620F-1CE7-4836-99EC-ECE5250E14E6}.Release|Any CPU.ActiveCfg = Release|Any CPU
		{4396620F-1CE7-4836-99EC-ECE5250E14E6}.Release|Any CPU.Build.0 = Release|Any CPU
		{9211A83F-7ECA-4C06-BF19-ABA4235C206A}.Debug|Any CPU.ActiveCfg = Debug|Any CPU
		{9211A83F-7ECA-4C06-BF19-ABA4235C206A}.Debug|Any CPU.Build.0 = Debug|Any CPU
		{9211A83F-7ECA-4C06-BF19-ABA4235C206A}.Release|Any CPU.ActiveCfg = Release|Any CPU
		{9211A83F-7ECA-4C06-BF19-ABA4235C206A}.Release|Any CPU.Build.0 = Release|Any CPU
		{480881D1-8B5E-43AB-9C0B-8C556DDA9B6D}.Debug|Any CPU.ActiveCfg = Debug|Any CPU
		{480881D1-8B5E-43AB-9C0B-8C556DDA9B6D}.Debug|Any CPU.Build.0 = Debug|Any CPU
		{480881D1-8B5E-43AB-9C0B-8C556DDA9B6D}.Release|Any CPU.ActiveCfg = Release|Any CPU
		{480881D1-8B5E-43AB-9C0B-8C556DDA9B6D}.Release|Any CPU.Build.0 = Release|Any CPU
		{81EA1BD0-14A9-4C25-B232-6AD983FC86F7}.Debug|Any CPU.ActiveCfg = Debug|Any CPU
		{81EA1BD0-14A9-4C25-B232-6AD983FC86F7}.Debug|Any CPU.Build.0 = Debug|Any CPU
		{81EA1BD0-14A9-4C25-B232-6AD983FC86F7}.Release|Any CPU.ActiveCfg = Release|Any CPU
		{81EA1BD0-14A9-4C25-B232-6AD983FC86F7}.Release|Any CPU.Build.0 = Release|Any CPU
		{CC838016-EDE2-43F4-A319-30D25345C846}.Debug|Any CPU.ActiveCfg = Debug|Any CPU
		{CC838016-EDE2-43F4-A319-30D25345C846}.Debug|Any CPU.Build.0 = Debug|Any CPU
		{CC838016-EDE2-43F4-A319-30D25345C846}.Release|Any CPU.ActiveCfg = Release|Any CPU
		{CC838016-EDE2-43F4-A319-30D25345C846}.Release|Any CPU.Build.0 = Release|Any CPU
		{C63C8CAE-FED1-48FF-AFD8-B075D3CDEA51}.Debug|Any CPU.ActiveCfg = Debug|Any CPU
		{C63C8CAE-FED1-48FF-AFD8-B075D3CDEA51}.Debug|Any CPU.Build.0 = Debug|Any CPU
		{C63C8CAE-FED1-48FF-AFD8-B075D3CDEA51}.Release|Any CPU.ActiveCfg = Release|Any CPU
		{C63C8CAE-FED1-48FF-AFD8-B075D3CDEA51}.Release|Any CPU.Build.0 = Release|Any CPU
		{61D83696-7E5B-4DB7-B872-6E6BA63ADB7A}.Debug|Any CPU.ActiveCfg = Debug|Any CPU
		{61D83696-7E5B-4DB7-B872-6E6BA63ADB7A}.Debug|Any CPU.Build.0 = Debug|Any CPU
		{61D83696-7E5B-4DB7-B872-6E6BA63ADB7A}.Release|Any CPU.ActiveCfg = Release|Any CPU
		{61D83696-7E5B-4DB7-B872-6E6BA63ADB7A}.Release|Any CPU.Build.0 = Release|Any CPU
		{0CA50C75-42C7-48E6-B6D7-CBA2CA5E96FE}.Debug|Any CPU.ActiveCfg = Debug|Any CPU
		{0CA50C75-42C7-48E6-B6D7-CBA2CA5E96FE}.Debug|Any CPU.Build.0 = Debug|Any CPU
		{0CA50C75-42C7-48E6-B6D7-CBA2CA5E96FE}.Release|Any CPU.ActiveCfg = Release|Any CPU
		{0CA50C75-42C7-48E6-B6D7-CBA2CA5E96FE}.Release|Any CPU.Build.0 = Release|Any CPU
		{4908D4F4-3545-4FF1-B37F-E3E237B05C54}.Debug|Any CPU.ActiveCfg = Debug|Any CPU
		{4908D4F4-3545-4FF1-B37F-E3E237B05C54}.Debug|Any CPU.Build.0 = Debug|Any CPU
		{4908D4F4-3545-4FF1-B37F-E3E237B05C54}.Release|Any CPU.ActiveCfg = Release|Any CPU
		{4908D4F4-3545-4FF1-B37F-E3E237B05C54}.Release|Any CPU.Build.0 = Release|Any CPU
		{C6B327A2-F638-4DE1-8937-B037D9049217}.Debug|Any CPU.ActiveCfg = Debug|Any CPU
		{C6B327A2-F638-4DE1-8937-B037D9049217}.Debug|Any CPU.Build.0 = Debug|Any CPU
		{C6B327A2-F638-4DE1-8937-B037D9049217}.Release|Any CPU.ActiveCfg = Release|Any CPU
		{C6B327A2-F638-4DE1-8937-B037D9049217}.Release|Any CPU.Build.0 = Release|Any CPU
		{FDE35F47-AF4A-482C-8A4F-3EC0DD6F16AC}.Debug|Any CPU.ActiveCfg = Debug|Any CPU
		{FDE35F47-AF4A-482C-8A4F-3EC0DD6F16AC}.Debug|Any CPU.Build.0 = Debug|Any CPU
		{FDE35F47-AF4A-482C-8A4F-3EC0DD6F16AC}.Release|Any CPU.ActiveCfg = Release|Any CPU
		{FDE35F47-AF4A-482C-8A4F-3EC0DD6F16AC}.Release|Any CPU.Build.0 = Release|Any CPU
		{6B56359B-B15A-4888-997D-AB8A953F0A29}.Debug|Any CPU.ActiveCfg = Debug|Any CPU
		{6B56359B-B15A-4888-997D-AB8A953F0A29}.Debug|Any CPU.Build.0 = Debug|Any CPU
		{6B56359B-B15A-4888-997D-AB8A953F0A29}.Release|Any CPU.ActiveCfg = Release|Any CPU
		{6B56359B-B15A-4888-997D-AB8A953F0A29}.Release|Any CPU.Build.0 = Release|Any CPU
		{A64F9618-DEB4-4BE0-9310-39E4A57FFA2E}.Debug|Any CPU.ActiveCfg = Debug|Any CPU
		{A64F9618-DEB4-4BE0-9310-39E4A57FFA2E}.Debug|Any CPU.Build.0 = Debug|Any CPU
		{A64F9618-DEB4-4BE0-9310-39E4A57FFA2E}.Release|Any CPU.ActiveCfg = Release|Any CPU
		{A64F9618-DEB4-4BE0-9310-39E4A57FFA2E}.Release|Any CPU.Build.0 = Release|Any CPU
		{C1D77E9E-1827-424E-AB8E-A5A43E415C3F}.Debug|Any CPU.ActiveCfg = Debug|Any CPU
		{C1D77E9E-1827-424E-AB8E-A5A43E415C3F}.Debug|Any CPU.Build.0 = Debug|Any CPU
		{C1D77E9E-1827-424E-AB8E-A5A43E415C3F}.Release|Any CPU.ActiveCfg = Release|Any CPU
		{C1D77E9E-1827-424E-AB8E-A5A43E415C3F}.Release|Any CPU.Build.0 = Release|Any CPU
		{9B749857-F075-4389-AFF0-4D73C2F54ABA}.Debug|Any CPU.ActiveCfg = Debug|Any CPU
		{9B749857-F075-4389-AFF0-4D73C2F54ABA}.Debug|Any CPU.Build.0 = Debug|Any CPU
		{9B749857-F075-4389-AFF0-4D73C2F54ABA}.Release|Any CPU.ActiveCfg = Release|Any CPU
		{9B749857-F075-4389-AFF0-4D73C2F54ABA}.Release|Any CPU.Build.0 = Release|Any CPU
		{2E8FD3D3-C3F4-4818-AF10-E11D7A131FD2}.Debug|Any CPU.ActiveCfg = Debug|Any CPU
		{2E8FD3D3-C3F4-4818-AF10-E11D7A131FD2}.Debug|Any CPU.Build.0 = Debug|Any CPU
		{2E8FD3D3-C3F4-4818-AF10-E11D7A131FD2}.Release|Any CPU.ActiveCfg = Release|Any CPU
		{2E8FD3D3-C3F4-4818-AF10-E11D7A131FD2}.Release|Any CPU.Build.0 = Release|Any CPU
		{27279203-AD89-4FD0-B44C-21F7678CB076}.Debug|Any CPU.ActiveCfg = Debug|Any CPU
		{27279203-AD89-4FD0-B44C-21F7678CB076}.Debug|Any CPU.Build.0 = Debug|Any CPU
		{27279203-AD89-4FD0-B44C-21F7678CB076}.Release|Any CPU.ActiveCfg = Release|Any CPU
		{27279203-AD89-4FD0-B44C-21F7678CB076}.Release|Any CPU.Build.0 = Release|Any CPU
		{1BC81BC6-C5D8-4F07-90DE-CABCA9BBC2DA}.Debug|Any CPU.ActiveCfg = Debug|Any CPU
		{1BC81BC6-C5D8-4F07-90DE-CABCA9BBC2DA}.Debug|Any CPU.Build.0 = Debug|Any CPU
		{1BC81BC6-C5D8-4F07-90DE-CABCA9BBC2DA}.Release|Any CPU.ActiveCfg = Release|Any CPU
		{1BC81BC6-C5D8-4F07-90DE-CABCA9BBC2DA}.Release|Any CPU.Build.0 = Release|Any CPU
		{A90AF0DD-866A-4D16-938D-9E66649BB8D6}.Debug|Any CPU.ActiveCfg = Debug|Any CPU
		{A90AF0DD-866A-4D16-938D-9E66649BB8D6}.Debug|Any CPU.Build.0 = Debug|Any CPU
		{A90AF0DD-866A-4D16-938D-9E66649BB8D6}.Release|Any CPU.ActiveCfg = Release|Any CPU
		{A90AF0DD-866A-4D16-938D-9E66649BB8D6}.Release|Any CPU.Build.0 = Release|Any CPU
		{A651AFFB-D433-4F4F-A7F7-539533BFBAD2}.Debug|Any CPU.ActiveCfg = Debug|Any CPU
		{A651AFFB-D433-4F4F-A7F7-539533BFBAD2}.Debug|Any CPU.Build.0 = Debug|Any CPU
		{A651AFFB-D433-4F4F-A7F7-539533BFBAD2}.Release|Any CPU.ActiveCfg = Release|Any CPU
		{A651AFFB-D433-4F4F-A7F7-539533BFBAD2}.Release|Any CPU.Build.0 = Release|Any CPU
		{8BECD5A8-104E-47DC-8C94-DC50A6C5BAAA}.Debug|Any CPU.ActiveCfg = Debug|Any CPU
		{8BECD5A8-104E-47DC-8C94-DC50A6C5BAAA}.Debug|Any CPU.Build.0 = Debug|Any CPU
		{8BECD5A8-104E-47DC-8C94-DC50A6C5BAAA}.Release|Any CPU.ActiveCfg = Release|Any CPU
		{8BECD5A8-104E-47DC-8C94-DC50A6C5BAAA}.Release|Any CPU.Build.0 = Release|Any CPU
		{4CF54668-F3F0-403E-BA26-EC9F15D325BD}.Debug|Any CPU.ActiveCfg = Debug|Any CPU
		{4CF54668-F3F0-403E-BA26-EC9F15D325BD}.Debug|Any CPU.Build.0 = Debug|Any CPU
		{4CF54668-F3F0-403E-BA26-EC9F15D325BD}.Release|Any CPU.ActiveCfg = Release|Any CPU
		{4CF54668-F3F0-403E-BA26-EC9F15D325BD}.Release|Any CPU.Build.0 = Release|Any CPU
		{036EC2BD-8968-46D4-9FFD-901F3BB1FA70}.Debug|Any CPU.ActiveCfg = Debug|Any CPU
		{036EC2BD-8968-46D4-9FFD-901F3BB1FA70}.Debug|Any CPU.Build.0 = Debug|Any CPU
		{036EC2BD-8968-46D4-9FFD-901F3BB1FA70}.Release|Any CPU.ActiveCfg = Release|Any CPU
		{036EC2BD-8968-46D4-9FFD-901F3BB1FA70}.Release|Any CPU.Build.0 = Release|Any CPU
		{7ED587D0-DB83-4427-9A47-FC51FD8EF596}.Debug|Any CPU.ActiveCfg = Debug|Any CPU
		{7ED587D0-DB83-4427-9A47-FC51FD8EF596}.Debug|Any CPU.Build.0 = Debug|Any CPU
		{7ED587D0-DB83-4427-9A47-FC51FD8EF596}.Release|Any CPU.ActiveCfg = Release|Any CPU
		{7ED587D0-DB83-4427-9A47-FC51FD8EF596}.Release|Any CPU.Build.0 = Release|Any CPU
		{FEE56106-DD2D-4E79-9D5E-9D78F3618AA6}.Debug|Any CPU.ActiveCfg = Debug|Any CPU
		{FEE56106-DD2D-4E79-9D5E-9D78F3618AA6}.Debug|Any CPU.Build.0 = Debug|Any CPU
		{FEE56106-DD2D-4E79-9D5E-9D78F3618AA6}.Release|Any CPU.ActiveCfg = Release|Any CPU
		{FEE56106-DD2D-4E79-9D5E-9D78F3618AA6}.Release|Any CPU.Build.0 = Release|Any CPU
		{A22374A0-673A-466B-9231-5859EEB65E33}.Debug|Any CPU.ActiveCfg = Debug|Any CPU
		{A22374A0-673A-466B-9231-5859EEB65E33}.Debug|Any CPU.Build.0 = Debug|Any CPU
		{A22374A0-673A-466B-9231-5859EEB65E33}.Release|Any CPU.ActiveCfg = Release|Any CPU
		{A22374A0-673A-466B-9231-5859EEB65E33}.Release|Any CPU.Build.0 = Release|Any CPU
		{AA15BA3C-F5A2-4DC5-8DA3-A386A9C2774F}.Debug|Any CPU.ActiveCfg = Debug|Any CPU
		{AA15BA3C-F5A2-4DC5-8DA3-A386A9C2774F}.Debug|Any CPU.Build.0 = Debug|Any CPU
		{AA15BA3C-F5A2-4DC5-8DA3-A386A9C2774F}.Release|Any CPU.ActiveCfg = Release|Any CPU
		{AA15BA3C-F5A2-4DC5-8DA3-A386A9C2774F}.Release|Any CPU.Build.0 = Release|Any CPU
		{19AC241D-1F6F-4864-B799-3262C074274B}.Debug|Any CPU.ActiveCfg = Debug|Any CPU
		{19AC241D-1F6F-4864-B799-3262C074274B}.Debug|Any CPU.Build.0 = Debug|Any CPU
		{19AC241D-1F6F-4864-B799-3262C074274B}.Release|Any CPU.ActiveCfg = Release|Any CPU
		{19AC241D-1F6F-4864-B799-3262C074274B}.Release|Any CPU.Build.0 = Release|Any CPU
	EndGlobalSection
	GlobalSection(SolutionProperties) = preSolution
		HideSolutionNode = FALSE
	EndGlobalSection
	GlobalSection(NestedProjects) = preSolution
		{4E376AF9-0BA5-42AE-BCD9-F8B0E2CC131F} = {5F41CD29-E6EF-4810-8A84-8B9E52AEAE70}
		{D407363B-27CE-4180-BB8A-986A619941CD} = {E889B549-C333-46DC-B71F-9608CBA1FBAA}
		{B55118C0-8D29-4079-A291-62383B857EEA} = {07B818A5-B186-4D09-A766-9E4963F3C07E}
		{BF85BEDF-DC3C-46E9-A388-8C0314E9E186} = {E889B549-C333-46DC-B71F-9608CBA1FBAA}
		{ABBA71A2-8149-4F2D-A097-EAD2AE59D822} = {B4BB9FCD-93C2-4C97-B6BA-42C40108097E}
		{A976200C-AE38-49FA-8437-0A067EBB66DB} = {5F41CD29-E6EF-4810-8A84-8B9E52AEAE70}
		{4396620F-1CE7-4836-99EC-ECE5250E14E6} = {5F41CD29-E6EF-4810-8A84-8B9E52AEAE70}
		{9211A83F-7ECA-4C06-BF19-ABA4235C206A} = {5F41CD29-E6EF-4810-8A84-8B9E52AEAE70}
		{480881D1-8B5E-43AB-9C0B-8C556DDA9B6D} = {07B818A5-B186-4D09-A766-9E4963F3C07E}
		{81EA1BD0-14A9-4C25-B232-6AD983FC86F7} = {B4BB9FCD-93C2-4C97-B6BA-42C40108097E}
		{CC838016-EDE2-43F4-A319-30D25345C846} = {7F64364D-A6A2-441C-9F30-3702BF35A02F}
		{C63C8CAE-FED1-48FF-AFD8-B075D3CDEA51} = {07B818A5-B186-4D09-A766-9E4963F3C07E}
		{61D83696-7E5B-4DB7-B872-6E6BA63ADB7A} = {E889B549-C333-46DC-B71F-9608CBA1FBAA}
		{0CA50C75-42C7-48E6-B6D7-CBA2CA5E96FE} = {5F41CD29-E6EF-4810-8A84-8B9E52AEAE70}
		{4908D4F4-3545-4FF1-B37F-E3E237B05C54} = {07B818A5-B186-4D09-A766-9E4963F3C07E}
		{C6B327A2-F638-4DE1-8937-B037D9049217} = {0ED3EA31-8EFC-4694-8E5A-FEA20FE9D2C2}
		{FDE35F47-AF4A-482C-8A4F-3EC0DD6F16AC} = {0ED3EA31-8EFC-4694-8E5A-FEA20FE9D2C2}
		{6B56359B-B15A-4888-997D-AB8A953F0A29} = {E889B549-C333-46DC-B71F-9608CBA1FBAA}
		{A64F9618-DEB4-4BE0-9310-39E4A57FFA2E} = {7F64364D-A6A2-441C-9F30-3702BF35A02F}
		{C1D77E9E-1827-424E-AB8E-A5A43E415C3F} = {5F41CD29-E6EF-4810-8A84-8B9E52AEAE70}
		{9B749857-F075-4389-AFF0-4D73C2F54ABA} = {07B818A5-B186-4D09-A766-9E4963F3C07E}
		{2E8FD3D3-C3F4-4818-AF10-E11D7A131FD2} = {E889B549-C333-46DC-B71F-9608CBA1FBAA}
		{27279203-AD89-4FD0-B44C-21F7678CB076} = {7F64364D-A6A2-441C-9F30-3702BF35A02F}
		{1BC81BC6-C5D8-4F07-90DE-CABCA9BBC2DA} = {07B818A5-B186-4D09-A766-9E4963F3C07E}
		{A90AF0DD-866A-4D16-938D-9E66649BB8D6} = {E889B549-C333-46DC-B71F-9608CBA1FBAA}
		{A651AFFB-D433-4F4F-A7F7-539533BFBAD2} = {0ED3EA31-8EFC-4694-8E5A-FEA20FE9D2C2}
		{8BECD5A8-104E-47DC-8C94-DC50A6C5BAAA} = {E889B549-C333-46DC-B71F-9608CBA1FBAA}
		{4CF54668-F3F0-403E-BA26-EC9F15D325BD} = {0ED3EA31-8EFC-4694-8E5A-FEA20FE9D2C2}
		{036EC2BD-8968-46D4-9FFD-901F3BB1FA70} = {0ED3EA31-8EFC-4694-8E5A-FEA20FE9D2C2}
		{7ED587D0-DB83-4427-9A47-FC51FD8EF596} = {0ED3EA31-8EFC-4694-8E5A-FEA20FE9D2C2}
		{FEE56106-DD2D-4E79-9D5E-9D78F3618AA6} = {5F41CD29-E6EF-4810-8A84-8B9E52AEAE70}
		{A22374A0-673A-466B-9231-5859EEB65E33} = {0ED3EA31-8EFC-4694-8E5A-FEA20FE9D2C2}
		{AA15BA3C-F5A2-4DC5-8DA3-A386A9C2774F} = {0ED3EA31-8EFC-4694-8E5A-FEA20FE9D2C2}
		{19AC241D-1F6F-4864-B799-3262C074274B} = {0ED3EA31-8EFC-4694-8E5A-FEA20FE9D2C2}
	EndGlobalSection
	GlobalSection(ExtensibilityGlobals) = postSolution
		SolutionGuid = {D7530B6E-8072-405A-97B5-322190C6109E}
	EndGlobalSection
EndGlobal
