
Microsoft Visual Studio Solution File, Format Version 12.00
# Visual Studio 15
VisualStudioVersion = 15.0.27428.2015
MinimumVisualStudioVersion = 10.0.40219.1
Project("{E53339B2-1760-4266-BCC7-CA923CBCF16C}") = "docker-compose", "docker-compose.dcproj", "{8FEDA44A-CCBF-4B47-838E-7FA6FEE688D4}"
EndProject
Project("{2150E333-8FDC-42A3-9474-1A3956D46DE8}") = "Solution Items", "Solution Items", "{5161FD3F-5E58-4C46-9EC5-DC275266583A}"
EndProject
Project("{9A19103F-16F7-4668-BE54-9A1E7A4F7556}") = "haipa-zero", "src\haipa-zero\haipa-zero.csproj", "{4E376AF9-0BA5-42AE-BCD9-F8B0E2CC131F}"
EndProject
Project("{9A19103F-16F7-4668-BE54-9A1E7A4F7556}") = "Haipa.Modules.Abstractions", "src\Haipa.Modules.Abstractions\Haipa.Modules.Abstractions.csproj", "{8E0FE0D3-3818-4131-AC31-3B5C804E4FE8}"
EndProject
Project("{9A19103F-16F7-4668-BE54-9A1E7A4F7556}") = "Haipa.Modules.Api", "src\Haipa.Modules.Api\Haipa.Modules.Api.csproj", "{B8A556E4-4A1A-4A40-B564-F50D2A584F24}"
EndProject
Project("{9A19103F-16F7-4668-BE54-9A1E7A4F7556}") = "Haipa.Modules.Controller", "src\Haipa.Modules.Controller\Haipa.Modules.Controller.csproj", "{D407363B-27CE-4180-BB8A-986A619941CD}"
EndProject
Project("{9A19103F-16F7-4668-BE54-9A1E7A4F7556}") = "Haipa.VmManagement", "src\Haipa.VmManagement\Haipa.VmManagement.csproj", "{B55118C0-8D29-4079-A291-62383B857EEA}"
EndProject
Project("{9A19103F-16F7-4668-BE54-9A1E7A4F7556}") = "Haipa.Modules.VmHostAgent", "src\Haipa.Modules.VmHostAgent\Haipa.Modules.VmHostAgent.csproj", "{BF85BEDF-DC3C-46E9-A388-8C0314E9E186}"
EndProject
Project("{9A19103F-16F7-4668-BE54-9A1E7A4F7556}") = "Haipa.StateDb.MySql", "src\Haipa.StateDb.MySql\Haipa.StateDb.MySql.csproj", "{ABBA71A2-8149-4F2D-A097-EAD2AE59D822}"
EndProject
Project("{9A19103F-16F7-4668-BE54-9A1E7A4F7556}") = "Haipa.Agent", "src\Haipa.Agent\Haipa.Agent.csproj", "{A976200C-AE38-49FA-8437-0A067EBB66DB}"
EndProject
Project("{9A19103F-16F7-4668-BE54-9A1E7A4F7556}") = "Haipa.ApiEndpoint", "src\Haipa.ApiEndpoint\Haipa.ApiEndpoint.csproj", "{4396620F-1CE7-4836-99EC-ECE5250E14E6}"
EndProject
Project("{9A19103F-16F7-4668-BE54-9A1E7A4F7556}") = "Haipa.Controller", "src\Haipa.Controller\Haipa.Controller.csproj", "{9211A83F-7ECA-4C06-BF19-ABA4235C206A}"
EndProject
Project("{9A19103F-16F7-4668-BE54-9A1E7A4F7556}") = "Haipa.Messages", "src\Haipa.Messages\Haipa.Messages.csproj", "{480881D1-8B5E-43AB-9C0B-8C556DDA9B6D}"
EndProject
Project("{9A19103F-16F7-4668-BE54-9A1E7A4F7556}") = "Haipa.Rebus", "src\Haipa.Rebus\Haipa.Rebus.csproj", "{81EA1BD0-14A9-4C25-B232-6AD983FC86F7}"
EndProject
Project("{9A19103F-16F7-4668-BE54-9A1E7A4F7556}") = "Haipa.StateDb", "src\Haipa.StateDb\Haipa.StateDb.csproj", "{CC838016-EDE2-43F4-A319-30D25345C846}"
EndProject
Project("{9A19103F-16F7-4668-BE54-9A1E7A4F7556}") = "Haipa.VmConfig.Primitives", "src\Haipa.VmConfig.Primitives\Haipa.VmConfig.Primitives.csproj", "{C63C8CAE-FED1-48FF-AFD8-B075D3CDEA51}"
EndProject
Project("{9A19103F-16F7-4668-BE54-9A1E7A4F7556}") = "Haipa.Modules.Identity", "src\Haipa.Modules.Identity\Haipa.Modules.Identity.csproj", "{AA719468-406C-4FC2-B8C4-BE9615EEE0CC}"
EndProject
Project("{9A19103F-16F7-4668-BE54-9A1E7A4F7556}") = "Identity.TestClient", "test\Identity.TestClient\Identity.TestClient.csproj", "{FC213A80-EDA8-4D8E-977B-B8F59225CB4D}"
EndProject
Project("{2150E333-8FDC-42A3-9474-1A3956D46DE8}") = "test", "test", "{0ED3EA31-8EFC-4694-8E5A-FEA20FE9D2C2}"
	ProjectSection(SolutionItems) = preProject
		src\Haipa.Messages\IOptionalMachineCommand.cs = src\Haipa.Messages\IOptionalMachineCommand.cs
	EndProjectSection
EndProject
Project("{9A19103F-16F7-4668-BE54-9A1E7A4F7556}") = "Haipa.Modules", "src\Haipa.Modules\Haipa.Modules.csproj", "{DD4809CC-ADD7-4EE1-AE11-089402DBF11B}"
EndProject
Project("{9A19103F-16F7-4668-BE54-9A1E7A4F7556}") = "Haipa.Modules.AspNetCore", "src\Haipa.Modules.AspNetCore\Haipa.Modules.AspNetCore.csproj", "{61D83696-7E5B-4DB7-B872-6E6BA63ADB7A}"
EndProject
Project("{9A19103F-16F7-4668-BE54-9A1E7A4F7556}") = "Haipa.Modules.AspNetCore.Abstractions", "src\Haipa.Modules.AspNetCore.Abstractions\Haipa.Modules.AspNetCore.Abstractions.csproj", "{37129E63-B26C-44B0-8ED4-5D6169D13717}"
EndProject
Project("{9A19103F-16F7-4668-BE54-9A1E7A4F7556}") = "Haipa.Modules.Hosting", "src\Haipa.Modules.Hosting\Haipa.Modules.Hosting.csproj", "{3824EE94-9D2C-47D5-99B7-BE275ADF6B73}"
EndProject
Project("{9A19103F-16F7-4668-BE54-9A1E7A4F7556}") = "Haipa.Modules.Hosting.Topshelf", "src\Haipa.Modules.Hosting.Topshelf\Haipa.Modules.Hosting.Topshelf.csproj", "{93E945F0-31E6-488F-A4B0-23C2D7CE5977}"
EndProject
Project("{9A19103F-16F7-4668-BE54-9A1E7A4F7556}") = "Haipa.Identity", "src\Haipa.Identity\Haipa.Identity.csproj", "{0CA50C75-42C7-48E6-B6D7-CBA2CA5E96FE}"
EndProject
Project("{9A19103F-16F7-4668-BE54-9A1E7A4F7556}") = "Haipa.Security.Cryptography", "src\Haipa.Security.Cryptography\Haipa.Security.Cryptography.csproj", "{4908D4F4-3545-4FF1-B37F-E3E237B05C54}"
EndProject
Project("{9A19103F-16F7-4668-BE54-9A1E7A4F7556}") = "Haipa.Modules.Identity.Test", "test\Haipa.Modules.Identity.Test\Haipa.Modules.Identity.Test.csproj", "{C6B327A2-F638-4DE1-8937-B037D9049217}"
EndProject
Project("{9A19103F-16F7-4668-BE54-9A1E7A4F7556}") = "Haipa.TestUtils.AspNetCore", "test\Haipa.TestUtils.AspNetCore\Haipa.TestUtils.AspNetCore.csproj", "{FDE35F47-AF4A-482C-8A4F-3EC0DD6F16AC}"
EndProject
Project("{FAE04EC0-301F-11D3-BF4B-00C04F79EFBC}") = "Haipa.Modules.Hosting.AspNetCore", "src\Haipa.Modules.Hosting.AspNetCore\Haipa.Modules.Hosting.AspNetCore.csproj", "{594B4BCB-AB07-4526-9853-180CD803EB48}"
EndProject
Global
	GlobalSection(SolutionConfigurationPlatforms) = preSolution
		Debug|Any CPU = Debug|Any CPU
		Release|Any CPU = Release|Any CPU
	EndGlobalSection
	GlobalSection(ProjectConfigurationPlatforms) = postSolution
		{8FEDA44A-CCBF-4B47-838E-7FA6FEE688D4}.Debug|Any CPU.ActiveCfg = Debug|Any CPU
		{8FEDA44A-CCBF-4B47-838E-7FA6FEE688D4}.Release|Any CPU.ActiveCfg = Release|Any CPU
		{8FEDA44A-CCBF-4B47-838E-7FA6FEE688D4}.Release|Any CPU.Build.0 = Release|Any CPU
		{4E376AF9-0BA5-42AE-BCD9-F8B0E2CC131F}.Debug|Any CPU.ActiveCfg = Debug|Any CPU
		{4E376AF9-0BA5-42AE-BCD9-F8B0E2CC131F}.Debug|Any CPU.Build.0 = Debug|Any CPU
		{4E376AF9-0BA5-42AE-BCD9-F8B0E2CC131F}.Release|Any CPU.ActiveCfg = Release|Any CPU
		{4E376AF9-0BA5-42AE-BCD9-F8B0E2CC131F}.Release|Any CPU.Build.0 = Release|Any CPU
		{8E0FE0D3-3818-4131-AC31-3B5C804E4FE8}.Debug|Any CPU.ActiveCfg = Debug|Any CPU
		{8E0FE0D3-3818-4131-AC31-3B5C804E4FE8}.Debug|Any CPU.Build.0 = Debug|Any CPU
		{8E0FE0D3-3818-4131-AC31-3B5C804E4FE8}.Release|Any CPU.ActiveCfg = Release|Any CPU
		{8E0FE0D3-3818-4131-AC31-3B5C804E4FE8}.Release|Any CPU.Build.0 = Release|Any CPU
		{B8A556E4-4A1A-4A40-B564-F50D2A584F24}.Debug|Any CPU.ActiveCfg = Debug|Any CPU
		{B8A556E4-4A1A-4A40-B564-F50D2A584F24}.Debug|Any CPU.Build.0 = Debug|Any CPU
		{B8A556E4-4A1A-4A40-B564-F50D2A584F24}.Release|Any CPU.ActiveCfg = Release|Any CPU
		{B8A556E4-4A1A-4A40-B564-F50D2A584F24}.Release|Any CPU.Build.0 = Release|Any CPU
		{D407363B-27CE-4180-BB8A-986A619941CD}.Debug|Any CPU.ActiveCfg = Debug|Any CPU
		{D407363B-27CE-4180-BB8A-986A619941CD}.Debug|Any CPU.Build.0 = Debug|Any CPU
		{D407363B-27CE-4180-BB8A-986A619941CD}.Release|Any CPU.ActiveCfg = Release|Any CPU
		{D407363B-27CE-4180-BB8A-986A619941CD}.Release|Any CPU.Build.0 = Release|Any CPU
		{B55118C0-8D29-4079-A291-62383B857EEA}.Debug|Any CPU.ActiveCfg = Debug|Any CPU
		{B55118C0-8D29-4079-A291-62383B857EEA}.Debug|Any CPU.Build.0 = Debug|Any CPU
		{B55118C0-8D29-4079-A291-62383B857EEA}.Release|Any CPU.ActiveCfg = Release|Any CPU
		{B55118C0-8D29-4079-A291-62383B857EEA}.Release|Any CPU.Build.0 = Release|Any CPU
		{BF85BEDF-DC3C-46E9-A388-8C0314E9E186}.Debug|Any CPU.ActiveCfg = Debug|Any CPU
		{BF85BEDF-DC3C-46E9-A388-8C0314E9E186}.Debug|Any CPU.Build.0 = Debug|Any CPU
		{BF85BEDF-DC3C-46E9-A388-8C0314E9E186}.Release|Any CPU.ActiveCfg = Release|Any CPU
		{BF85BEDF-DC3C-46E9-A388-8C0314E9E186}.Release|Any CPU.Build.0 = Release|Any CPU
		{ABBA71A2-8149-4F2D-A097-EAD2AE59D822}.Debug|Any CPU.ActiveCfg = Debug|Any CPU
		{ABBA71A2-8149-4F2D-A097-EAD2AE59D822}.Debug|Any CPU.Build.0 = Debug|Any CPU
		{ABBA71A2-8149-4F2D-A097-EAD2AE59D822}.Release|Any CPU.ActiveCfg = Release|Any CPU
		{ABBA71A2-8149-4F2D-A097-EAD2AE59D822}.Release|Any CPU.Build.0 = Release|Any CPU
		{A976200C-AE38-49FA-8437-0A067EBB66DB}.Debug|Any CPU.ActiveCfg = Debug|Any CPU
		{A976200C-AE38-49FA-8437-0A067EBB66DB}.Debug|Any CPU.Build.0 = Debug|Any CPU
		{A976200C-AE38-49FA-8437-0A067EBB66DB}.Release|Any CPU.ActiveCfg = Release|Any CPU
		{A976200C-AE38-49FA-8437-0A067EBB66DB}.Release|Any CPU.Build.0 = Release|Any CPU
		{4396620F-1CE7-4836-99EC-ECE5250E14E6}.Debug|Any CPU.ActiveCfg = Debug|Any CPU
		{4396620F-1CE7-4836-99EC-ECE5250E14E6}.Debug|Any CPU.Build.0 = Debug|Any CPU
		{4396620F-1CE7-4836-99EC-ECE5250E14E6}.Release|Any CPU.ActiveCfg = Release|Any CPU
		{4396620F-1CE7-4836-99EC-ECE5250E14E6}.Release|Any CPU.Build.0 = Release|Any CPU
		{9211A83F-7ECA-4C06-BF19-ABA4235C206A}.Debug|Any CPU.ActiveCfg = Debug|Any CPU
		{9211A83F-7ECA-4C06-BF19-ABA4235C206A}.Debug|Any CPU.Build.0 = Debug|Any CPU
		{9211A83F-7ECA-4C06-BF19-ABA4235C206A}.Release|Any CPU.ActiveCfg = Release|Any CPU
		{9211A83F-7ECA-4C06-BF19-ABA4235C206A}.Release|Any CPU.Build.0 = Release|Any CPU
		{480881D1-8B5E-43AB-9C0B-8C556DDA9B6D}.Debug|Any CPU.ActiveCfg = Debug|Any CPU
		{480881D1-8B5E-43AB-9C0B-8C556DDA9B6D}.Debug|Any CPU.Build.0 = Debug|Any CPU
		{480881D1-8B5E-43AB-9C0B-8C556DDA9B6D}.Release|Any CPU.ActiveCfg = Release|Any CPU
		{480881D1-8B5E-43AB-9C0B-8C556DDA9B6D}.Release|Any CPU.Build.0 = Release|Any CPU
		{81EA1BD0-14A9-4C25-B232-6AD983FC86F7}.Debug|Any CPU.ActiveCfg = Debug|Any CPU
		{81EA1BD0-14A9-4C25-B232-6AD983FC86F7}.Debug|Any CPU.Build.0 = Debug|Any CPU
		{81EA1BD0-14A9-4C25-B232-6AD983FC86F7}.Release|Any CPU.ActiveCfg = Release|Any CPU
		{81EA1BD0-14A9-4C25-B232-6AD983FC86F7}.Release|Any CPU.Build.0 = Release|Any CPU
		{CC838016-EDE2-43F4-A319-30D25345C846}.Debug|Any CPU.ActiveCfg = Debug|Any CPU
		{CC838016-EDE2-43F4-A319-30D25345C846}.Debug|Any CPU.Build.0 = Debug|Any CPU
		{CC838016-EDE2-43F4-A319-30D25345C846}.Release|Any CPU.ActiveCfg = Release|Any CPU
		{CC838016-EDE2-43F4-A319-30D25345C846}.Release|Any CPU.Build.0 = Release|Any CPU
		{C63C8CAE-FED1-48FF-AFD8-B075D3CDEA51}.Debug|Any CPU.ActiveCfg = Debug|Any CPU
		{C63C8CAE-FED1-48FF-AFD8-B075D3CDEA51}.Debug|Any CPU.Build.0 = Debug|Any CPU
		{C63C8CAE-FED1-48FF-AFD8-B075D3CDEA51}.Release|Any CPU.ActiveCfg = Release|Any CPU
		{C63C8CAE-FED1-48FF-AFD8-B075D3CDEA51}.Release|Any CPU.Build.0 = Release|Any CPU
		{AA719468-406C-4FC2-B8C4-BE9615EEE0CC}.Debug|Any CPU.ActiveCfg = Debug|Any CPU
		{AA719468-406C-4FC2-B8C4-BE9615EEE0CC}.Debug|Any CPU.Build.0 = Debug|Any CPU
		{AA719468-406C-4FC2-B8C4-BE9615EEE0CC}.Release|Any CPU.ActiveCfg = Release|Any CPU
		{AA719468-406C-4FC2-B8C4-BE9615EEE0CC}.Release|Any CPU.Build.0 = Release|Any CPU
		{FC213A80-EDA8-4D8E-977B-B8F59225CB4D}.Debug|Any CPU.ActiveCfg = Debug|Any CPU
		{FC213A80-EDA8-4D8E-977B-B8F59225CB4D}.Debug|Any CPU.Build.0 = Debug|Any CPU
		{FC213A80-EDA8-4D8E-977B-B8F59225CB4D}.Release|Any CPU.ActiveCfg = Release|Any CPU
		{FC213A80-EDA8-4D8E-977B-B8F59225CB4D}.Release|Any CPU.Build.0 = Release|Any CPU
		{DD4809CC-ADD7-4EE1-AE11-089402DBF11B}.Debug|Any CPU.ActiveCfg = Debug|Any CPU
		{DD4809CC-ADD7-4EE1-AE11-089402DBF11B}.Debug|Any CPU.Build.0 = Debug|Any CPU
		{DD4809CC-ADD7-4EE1-AE11-089402DBF11B}.Release|Any CPU.ActiveCfg = Release|Any CPU
		{DD4809CC-ADD7-4EE1-AE11-089402DBF11B}.Release|Any CPU.Build.0 = Release|Any CPU
		{61D83696-7E5B-4DB7-B872-6E6BA63ADB7A}.Debug|Any CPU.ActiveCfg = Debug|Any CPU
		{61D83696-7E5B-4DB7-B872-6E6BA63ADB7A}.Debug|Any CPU.Build.0 = Debug|Any CPU
		{61D83696-7E5B-4DB7-B872-6E6BA63ADB7A}.Release|Any CPU.ActiveCfg = Release|Any CPU
		{61D83696-7E5B-4DB7-B872-6E6BA63ADB7A}.Release|Any CPU.Build.0 = Release|Any CPU
		{37129E63-B26C-44B0-8ED4-5D6169D13717}.Debug|Any CPU.ActiveCfg = Debug|Any CPU
		{37129E63-B26C-44B0-8ED4-5D6169D13717}.Debug|Any CPU.Build.0 = Debug|Any CPU
		{37129E63-B26C-44B0-8ED4-5D6169D13717}.Release|Any CPU.ActiveCfg = Release|Any CPU
		{37129E63-B26C-44B0-8ED4-5D6169D13717}.Release|Any CPU.Build.0 = Release|Any CPU
		{3824EE94-9D2C-47D5-99B7-BE275ADF6B73}.Debug|Any CPU.ActiveCfg = Debug|Any CPU
		{3824EE94-9D2C-47D5-99B7-BE275ADF6B73}.Debug|Any CPU.Build.0 = Debug|Any CPU
		{3824EE94-9D2C-47D5-99B7-BE275ADF6B73}.Release|Any CPU.ActiveCfg = Release|Any CPU
		{3824EE94-9D2C-47D5-99B7-BE275ADF6B73}.Release|Any CPU.Build.0 = Release|Any CPU
		{93E945F0-31E6-488F-A4B0-23C2D7CE5977}.Debug|Any CPU.ActiveCfg = Debug|Any CPU
		{93E945F0-31E6-488F-A4B0-23C2D7CE5977}.Debug|Any CPU.Build.0 = Debug|Any CPU
		{93E945F0-31E6-488F-A4B0-23C2D7CE5977}.Release|Any CPU.ActiveCfg = Release|Any CPU
		{93E945F0-31E6-488F-A4B0-23C2D7CE5977}.Release|Any CPU.Build.0 = Release|Any CPU
		{0CA50C75-42C7-48E6-B6D7-CBA2CA5E96FE}.Debug|Any CPU.ActiveCfg = Debug|Any CPU
		{0CA50C75-42C7-48E6-B6D7-CBA2CA5E96FE}.Debug|Any CPU.Build.0 = Debug|Any CPU
		{0CA50C75-42C7-48E6-B6D7-CBA2CA5E96FE}.Release|Any CPU.ActiveCfg = Release|Any CPU
		{0CA50C75-42C7-48E6-B6D7-CBA2CA5E96FE}.Release|Any CPU.Build.0 = Release|Any CPU
		{4908D4F4-3545-4FF1-B37F-E3E237B05C54}.Debug|Any CPU.ActiveCfg = Debug|Any CPU
		{4908D4F4-3545-4FF1-B37F-E3E237B05C54}.Debug|Any CPU.Build.0 = Debug|Any CPU
		{4908D4F4-3545-4FF1-B37F-E3E237B05C54}.Release|Any CPU.ActiveCfg = Release|Any CPU
		{4908D4F4-3545-4FF1-B37F-E3E237B05C54}.Release|Any CPU.Build.0 = Release|Any CPU
		{C6B327A2-F638-4DE1-8937-B037D9049217}.Debug|Any CPU.ActiveCfg = Debug|Any CPU
		{C6B327A2-F638-4DE1-8937-B037D9049217}.Debug|Any CPU.Build.0 = Debug|Any CPU
		{C6B327A2-F638-4DE1-8937-B037D9049217}.Release|Any CPU.ActiveCfg = Release|Any CPU
		{C6B327A2-F638-4DE1-8937-B037D9049217}.Release|Any CPU.Build.0 = Release|Any CPU
		{FDE35F47-AF4A-482C-8A4F-3EC0DD6F16AC}.Debug|Any CPU.ActiveCfg = Debug|Any CPU
		{FDE35F47-AF4A-482C-8A4F-3EC0DD6F16AC}.Debug|Any CPU.Build.0 = Debug|Any CPU
		{FDE35F47-AF4A-482C-8A4F-3EC0DD6F16AC}.Release|Any CPU.ActiveCfg = Release|Any CPU
		{FDE35F47-AF4A-482C-8A4F-3EC0DD6F16AC}.Release|Any CPU.Build.0 = Release|Any CPU
		{594B4BCB-AB07-4526-9853-180CD803EB48}.Debug|Any CPU.ActiveCfg = Debug|Any CPU
		{594B4BCB-AB07-4526-9853-180CD803EB48}.Debug|Any CPU.Build.0 = Debug|Any CPU
		{594B4BCB-AB07-4526-9853-180CD803EB48}.Release|Any CPU.ActiveCfg = Release|Any CPU
		{594B4BCB-AB07-4526-9853-180CD803EB48}.Release|Any CPU.Build.0 = Release|Any CPU
	EndGlobalSection
	GlobalSection(SolutionProperties) = preSolution
		HideSolutionNode = FALSE
	EndGlobalSection
	GlobalSection(NestedProjects) = preSolution
		{FC213A80-EDA8-4D8E-977B-B8F59225CB4D} = {0ED3EA31-8EFC-4694-8E5A-FEA20FE9D2C2}
		{C6B327A2-F638-4DE1-8937-B037D9049217} = {0ED3EA31-8EFC-4694-8E5A-FEA20FE9D2C2}
		{FDE35F47-AF4A-482C-8A4F-3EC0DD6F16AC} = {0ED3EA31-8EFC-4694-8E5A-FEA20FE9D2C2}
	EndGlobalSection
	GlobalSection(ExtensibilityGlobals) = postSolution
		SolutionGuid = {D7530B6E-8072-405A-97B5-322190C6109E}
	EndGlobalSection
EndGlobal
