
Microsoft Visual Studio Solution File, Format Version 12.00
# Visual Studio 15
VisualStudioVersion = 15.0.27428.2015
MinimumVisualStudioVersion = 10.0.40219.1
Project("{FAE04EC0-301F-11D3-BF4B-00C04F79EFBC}") = "HyperVPlus.Agent", "src\HyperVPlus.Agent\HyperVPlus.Agent.csproj", "{77BF0E75-4B4C-48C7-93B1-E06B762808FF}"
EndProject
Project("{9A19103F-16F7-4668-BE54-9A1E7A4F7556}") = "HyperVPlus.Messages", "src\HyperVPlus.Messages\HyperVPlus.Messages.csproj", "{6A5229F6-AD2D-46F6-8729-4621D0683155}"
EndProject
Project("{9A19103F-16F7-4668-BE54-9A1E7A4F7556}") = "HyperVPlus.Controller", "src\HyperVPlus.Controller\HyperVPlus.Controller.csproj", "{FEEF6B45-ACCE-4680-8E93-8A2EF3141C64}"
EndProject
Project("{9A19103F-16F7-4668-BE54-9A1E7A4F7556}") = "HyperVPlus.Api", "src\HyperVPlus.Api\HyperVPlus.Api.csproj", "{E6306980-62A3-4992-92FF-CB25C97187A9}"
EndProject
Project("{9A19103F-16F7-4668-BE54-9A1E7A4F7556}") = "HyperVPlus.Rebus", "src\HyperVPlus.Rebus\HyperVPlus.Rebus.csproj", "{2CE556B7-6820-4EFF-905E-B6EA0B0533A0}"
EndProject
Project("{E53339B2-1760-4266-BCC7-CA923CBCF16C}") = "docker-compose", "docker-compose.dcproj", "{8FEDA44A-CCBF-4B47-838E-7FA6FEE688D4}"
EndProject
Project("{9A19103F-16F7-4668-BE54-9A1E7A4F7556}") = "HyperVPlus.StateDb", "src\HyperVPlus.StateDb\HyperVPlus.StateDb.csproj", "{B10047BA-4A66-483D-9819-40D313585091}"
EndProject
Project("{9A19103F-16F7-4668-BE54-9A1E7A4F7556}") = "HyperVPlus.StateDb.MySql", "HyperVPlus.StateDb.MySql\HyperVPlus.StateDb.MySql.csproj", "{3877B77E-EB0D-44B4-8325-2AAEB35D1A8D}"
EndProject
Project("{FAE04EC0-301F-11D3-BF4B-00C04F79EFBC}") = "HyperVPlus.ConfigConsole", "src\HyperVPlus.ConfigConsole\HyperVPlus.ConfigConsole.csproj", "{560DE2F5-5B60-439B-BB25-2D246FEB5ECC}"
EndProject
Project("{FAE04EC0-301F-11D3-BF4B-00C04F79EFBC}") = "HyperVPlus.VmManagement", "src\HyperVPlus.VmManagement\HyperVPlus.VmManagement.csproj", "{1CF6A5E7-3796-4704-A527-94A3936B14B4}"
EndProject
Project("{9A19103F-16F7-4668-BE54-9A1E7A4F7556}") = "HyperVPlus.VmConfig.Primitives", "src\HyperVPlus.VmConfig.Primitives\HyperVPlus.VmConfig.Primitives.csproj", "{D041968F-FC23-4777-9243-D8114B016FE8}"
EndProject
Global
	GlobalSection(SolutionConfigurationPlatforms) = preSolution
		Debug|Any CPU = Debug|Any CPU
		Release|Any CPU = Release|Any CPU
	EndGlobalSection
	GlobalSection(ProjectConfigurationPlatforms) = postSolution
		{77BF0E75-4B4C-48C7-93B1-E06B762808FF}.Debug|Any CPU.ActiveCfg = Debug|Any CPU
		{77BF0E75-4B4C-48C7-93B1-E06B762808FF}.Debug|Any CPU.Build.0 = Debug|Any CPU
		{77BF0E75-4B4C-48C7-93B1-E06B762808FF}.Release|Any CPU.ActiveCfg = Release|Any CPU
		{77BF0E75-4B4C-48C7-93B1-E06B762808FF}.Release|Any CPU.Build.0 = Release|Any CPU
		{6A5229F6-AD2D-46F6-8729-4621D0683155}.Debug|Any CPU.ActiveCfg = Debug|Any CPU
		{6A5229F6-AD2D-46F6-8729-4621D0683155}.Debug|Any CPU.Build.0 = Debug|Any CPU
		{6A5229F6-AD2D-46F6-8729-4621D0683155}.Release|Any CPU.ActiveCfg = Release|Any CPU
		{6A5229F6-AD2D-46F6-8729-4621D0683155}.Release|Any CPU.Build.0 = Release|Any CPU
		{FEEF6B45-ACCE-4680-8E93-8A2EF3141C64}.Debug|Any CPU.ActiveCfg = Debug|Any CPU
		{FEEF6B45-ACCE-4680-8E93-8A2EF3141C64}.Debug|Any CPU.Build.0 = Debug|Any CPU
		{FEEF6B45-ACCE-4680-8E93-8A2EF3141C64}.Release|Any CPU.ActiveCfg = Release|Any CPU
		{FEEF6B45-ACCE-4680-8E93-8A2EF3141C64}.Release|Any CPU.Build.0 = Release|Any CPU
		{E6306980-62A3-4992-92FF-CB25C97187A9}.Debug|Any CPU.ActiveCfg = Debug|Any CPU
		{E6306980-62A3-4992-92FF-CB25C97187A9}.Debug|Any CPU.Build.0 = Debug|Any CPU
		{E6306980-62A3-4992-92FF-CB25C97187A9}.Release|Any CPU.ActiveCfg = Release|Any CPU
		{E6306980-62A3-4992-92FF-CB25C97187A9}.Release|Any CPU.Build.0 = Release|Any CPU
		{2CE556B7-6820-4EFF-905E-B6EA0B0533A0}.Debug|Any CPU.ActiveCfg = Debug|Any CPU
		{2CE556B7-6820-4EFF-905E-B6EA0B0533A0}.Debug|Any CPU.Build.0 = Debug|Any CPU
		{2CE556B7-6820-4EFF-905E-B6EA0B0533A0}.Release|Any CPU.ActiveCfg = Release|Any CPU
		{2CE556B7-6820-4EFF-905E-B6EA0B0533A0}.Release|Any CPU.Build.0 = Release|Any CPU
		{8FEDA44A-CCBF-4B47-838E-7FA6FEE688D4}.Debug|Any CPU.ActiveCfg = Debug|Any CPU
		{8FEDA44A-CCBF-4B47-838E-7FA6FEE688D4}.Release|Any CPU.ActiveCfg = Release|Any CPU
		{8FEDA44A-CCBF-4B47-838E-7FA6FEE688D4}.Release|Any CPU.Build.0 = Release|Any CPU
		{B10047BA-4A66-483D-9819-40D313585091}.Debug|Any CPU.ActiveCfg = Debug|Any CPU
		{B10047BA-4A66-483D-9819-40D313585091}.Debug|Any CPU.Build.0 = Debug|Any CPU
		{B10047BA-4A66-483D-9819-40D313585091}.Release|Any CPU.ActiveCfg = Release|Any CPU
		{B10047BA-4A66-483D-9819-40D313585091}.Release|Any CPU.Build.0 = Release|Any CPU
		{3877B77E-EB0D-44B4-8325-2AAEB35D1A8D}.Debug|Any CPU.ActiveCfg = Debug|Any CPU
		{3877B77E-EB0D-44B4-8325-2AAEB35D1A8D}.Debug|Any CPU.Build.0 = Debug|Any CPU
		{3877B77E-EB0D-44B4-8325-2AAEB35D1A8D}.Release|Any CPU.ActiveCfg = Release|Any CPU
		{3877B77E-EB0D-44B4-8325-2AAEB35D1A8D}.Release|Any CPU.Build.0 = Release|Any CPU
		{560DE2F5-5B60-439B-BB25-2D246FEB5ECC}.Debug|Any CPU.ActiveCfg = Debug|Any CPU
		{560DE2F5-5B60-439B-BB25-2D246FEB5ECC}.Debug|Any CPU.Build.0 = Debug|Any CPU
		{560DE2F5-5B60-439B-BB25-2D246FEB5ECC}.Release|Any CPU.ActiveCfg = Release|Any CPU
		{560DE2F5-5B60-439B-BB25-2D246FEB5ECC}.Release|Any CPU.Build.0 = Release|Any CPU
		{1CF6A5E7-3796-4704-A527-94A3936B14B4}.Debug|Any CPU.ActiveCfg = Debug|Any CPU
		{1CF6A5E7-3796-4704-A527-94A3936B14B4}.Debug|Any CPU.Build.0 = Debug|Any CPU
		{1CF6A5E7-3796-4704-A527-94A3936B14B4}.Release|Any CPU.ActiveCfg = Release|Any CPU
		{1CF6A5E7-3796-4704-A527-94A3936B14B4}.Release|Any CPU.Build.0 = Release|Any CPU
		{D041968F-FC23-4777-9243-D8114B016FE8}.Debug|Any CPU.ActiveCfg = Debug|Any CPU
		{D041968F-FC23-4777-9243-D8114B016FE8}.Debug|Any CPU.Build.0 = Debug|Any CPU
		{D041968F-FC23-4777-9243-D8114B016FE8}.Release|Any CPU.ActiveCfg = Release|Any CPU
		{D041968F-FC23-4777-9243-D8114B016FE8}.Release|Any CPU.Build.0 = Release|Any CPU
	EndGlobalSection
	GlobalSection(SolutionProperties) = preSolution
		HideSolutionNode = FALSE
	EndGlobalSection
	GlobalSection(ExtensibilityGlobals) = postSolution
		SolutionGuid = {D7530B6E-8072-405A-97B5-322190C6109E}
	EndGlobalSection
EndGlobal
